
Microsoft Visual Studio Solution File, Format Version 12.00
# Visual Studio Version 16
VisualStudioVersion = 16.0.30907.101
MinimumVisualStudioVersion = 10.0.40219.1
Project("{FAE04EC0-301F-11D3-BF4B-00C04F79EFBC}") = "ControlInventario_Formularios", "ControlInventario_Formularios\ControlInventario_Formularios.csproj", "{542A3797-2934-4C30-B845-46E83BD92190}"
EndProject
Global
	GlobalSection(SolutionConfigurationPlatforms) = preSolution
		Debug|Any CPU = Debug|Any CPU
		Release|Any CPU = Release|Any CPU
	EndGlobalSection
	GlobalSection(ProjectConfigurationPlatforms) = postSolution
		{542A3797-2934-4C30-B845-46E83BD92190}.Debug|Any CPU.ActiveCfg = Debug|Any CPU
		{542A3797-2934-4C30-B845-46E83BD92190}.Debug|Any CPU.Build.0 = Debug|Any CPU
		{542A3797-2934-4C30-B845-46E83BD92190}.Release|Any CPU.ActiveCfg = Release|Any CPU
		{542A3797-2934-4C30-B845-46E83BD92190}.Release|Any CPU.Build.0 = Release|Any CPU
	EndGlobalSection
	GlobalSection(SolutionProperties) = preSolution
		HideSolutionNode = FALSE
	EndGlobalSection
	GlobalSection(ExtensibilityGlobals) = postSolution
		SolutionGuid = {B8E73A16-64AC-4A9D-A7DF-C2C851947155}
	EndGlobalSection
EndGlobal
